<?xml version="1.0" encoding="utf-8"?>
<Project ToolsVersion="4.0" xmlns="http://schemas.microsoft.com/developer/msbuild/2003">
  <ItemGroup>
    <Filter Include="Source Files">
      <UniqueIdentifier>{4FC737F1-C7A5-4376-A066-2A32D752A2FF}</UniqueIdentifier>
      <Extensions>cpp;c;cxx;def;odl;idl;hpj;bat;asm;asmx</Extensions>
    </Filter>
    <Filter Include="Header Files">
      <UniqueIdentifier>{93995380-89BD-4b04-88EB-625FBE52EBFB}</UniqueIdentifier>
      <Extensions>h;hpp;hxx;hm;inl;inc;xsd</Extensions>
    </Filter>
  </ItemGroup>
  <ItemGroup>
    <ClCompile Include="blend.cpp">
      <Filter>Source Files</Filter>
    </ClCompile>
    <ClCompile Include="blob.cpp">
      <Filter>Source Files</Filter>
    </ClCompile>
    <ClCompile Include="blobblend.cpp">
      <Filter>Source Files</Filter>
    </ClCompile>
    <ClCompile Include="blobvertex.cpp">
      <Filter>Source Files</Filter>
    </ClCompile>
    <ClCompile Include="box.cpp">
      <Filter>Source Files</Filter>
    </ClCompile>
    <ClCompile Include="opengl.cpp">
      <Filter>Source Files</Filter>
    </ClCompile>
    <ClCompile Include="quad.cpp">
      <Filter>Source Files</Filter>
    </ClCompile>
  </ItemGroup>
  <ItemGroup>
    <ClInclude Include="blob.h">
      <Filter>Header Files</Filter>
    </ClInclude>
    <ClInclude Include="box.h">
      <Filter>Header Files</Filter>
    </ClInclude>
    <ClInclude Include="opengl.h">
      <Filter>Header Files</Filter>
    </ClInclude>
    <ClInclude Include="vector.h">
      <Filter>Header Files</Filter>
    </ClInclude>
    <ClInclude Include="BlobNode.h">
      <Filter>Header Files</Filter>
    </ClInclude>
    <ClInclude Include="blend.h">
      <Filter>Header Files</Filter>
    </ClInclude>
    <ClInclude Include="blobVertex.h">
      <Filter>Header Files</Filter>
    </ClInclude>
    <ClInclude Include="blobBlend.h">
      <Filter>Header Files</Filter>
    </ClInclude>
  </ItemGroup>
</Project>